
Microsoft Visual Studio Solution File, Format Version 12.00
# Visual Studio Version 17
VisualStudioVersion = 17.5.33530.505
MinimumVisualStudioVersion = 10.0.40219.1
Project("{9A19103F-16F7-4668-BE54-9A1E7A4F7556}") = "FeaturesDemo", "FeaturesDemo.csproj", "{4BE5EC5F-A4F5-4A01-8B22-13AD94E9CCEC}"
EndProject
Global
	GlobalSection(SolutionConfigurationPlatforms) = preSolution
		Debug|Any CPU = Debug|Any CPU
		Release|Any CPU = Release|Any CPU
	EndGlobalSection
	GlobalSection(ProjectConfigurationPlatforms) = postSolution
		{4BE5EC5F-A4F5-4A01-8B22-13AD94E9CCEC}.Debug|Any CPU.ActiveCfg = Debug|Any CPU
		{4BE5EC5F-A4F5-4A01-8B22-13AD94E9CCEC}.Debug|Any CPU.Build.0 = Debug|Any CPU
		{4BE5EC5F-A4F5-4A01-8B22-13AD94E9CCEC}.Debug|Any CPU.Deploy.0 = Debug|Any CPU
		{4BE5EC5F-A4F5-4A01-8B22-13AD94E9CCEC}.Release|Any CPU.ActiveCfg = Release|Any CPU
		{4BE5EC5F-A4F5-4A01-8B22-13AD94E9CCEC}.Release|Any CPU.Build.0 = Release|Any CPU
		{4BE5EC5F-A4F5-4A01-8B22-13AD94E9CCEC}.Release|Any CPU.Deploy.0 = Release|Any CPU
	EndGlobalSection
	GlobalSection(SolutionProperties) = preSolution
		HideSolutionNode = FALSE
	EndGlobalSection
	GlobalSection(ExtensibilityGlobals) = postSolution
		SolutionGuid = {99D5D9DE-CF15-477D-B423-B445FC194496}
	EndGlobalSection
EndGlobal
